
Microsoft Visual Studio Solution File, Format Version 12.00
# Visual Studio 15
VisualStudioVersion = 15.0.27004.2009
MinimumVisualStudioVersion = 10.0.40219.1
Project("{FAE04EC0-301F-11D3-BF4B-00C04F79EFBC}") = "XamFormsWithWebSockets.Android", "XamFormsWithWebSockets\XamFormsWithWebSockets.Android\XamFormsWithWebSockets.Android.csproj", "{EC8F88E5-DEAC-4AA2-BE26-6B0F0112489C}"
EndProject
Project("{FAE04EC0-301F-11D3-BF4B-00C04F79EFBC}") = "XamFormsWithWebSockets", "XamFormsWithWebSockets\XamFormsWithWebSockets\XamFormsWithWebSockets.csproj", "{4C7F459E-91A8-4AFA-8AC1-A7A878761B9F}"
EndProject
Project("{FAE04EC0-301F-11D3-BF4B-00C04F79EFBC}") = "XamFormsWithWebSockets.UWP", "XamFormsWithWebSockets\XamFormsWithWebSockets.UWP\XamFormsWithWebSockets.UWP.csproj", "{02D75FDB-E377-40D4-AC9B-FD517785DC4A}"
EndProject
Project("{FAE04EC0-301F-11D3-BF4B-00C04F79EFBC}") = "XamFormsWithWebSockets.iOS", "XamFormsWithWebSockets\XamFormsWithWebSockets.iOS\XamFormsWithWebSockets.iOS.csproj", "{CF8D819B-A2EB-4FAD-BF4A-6149D384D080}"
EndProject
Global
	GlobalSection(SolutionConfigurationPlatforms) = preSolution
		Ad-Hoc|Any CPU = Ad-Hoc|Any CPU
		Ad-Hoc|ARM = Ad-Hoc|ARM
		Ad-Hoc|iPhone = Ad-Hoc|iPhone
		Ad-Hoc|iPhoneSimulator = Ad-Hoc|iPhoneSimulator
		Ad-Hoc|x64 = Ad-Hoc|x64
		Ad-Hoc|x86 = Ad-Hoc|x86
		AppStore|Any CPU = AppStore|Any CPU
		AppStore|ARM = AppStore|ARM
		AppStore|iPhone = AppStore|iPhone
		AppStore|iPhoneSimulator = AppStore|iPhoneSimulator
		AppStore|x64 = AppStore|x64
		AppStore|x86 = AppStore|x86
		Debug|Any CPU = Debug|Any CPU
		Debug|ARM = Debug|ARM
		Debug|iPhone = Debug|iPhone
		Debug|iPhoneSimulator = Debug|iPhoneSimulator
		Debug|x64 = Debug|x64
		Debug|x86 = Debug|x86
		Release|Any CPU = Release|Any CPU
		Release|ARM = Release|ARM
		Release|iPhone = Release|iPhone
		Release|iPhoneSimulator = Release|iPhoneSimulator
		Release|x64 = Release|x64
		Release|x86 = Release|x86
	EndGlobalSection
	GlobalSection(ProjectConfigurationPlatforms) = postSolution
		{EC8F88E5-DEAC-4AA2-BE26-6B0F0112489C}.Ad-Hoc|Any CPU.ActiveCfg = Release|Any CPU
		{EC8F88E5-DEAC-4AA2-BE26-6B0F0112489C}.Ad-Hoc|Any CPU.Build.0 = Release|Any CPU
		{EC8F88E5-DEAC-4AA2-BE26-6B0F0112489C}.Ad-Hoc|Any CPU.Deploy.0 = Release|Any CPU
		{EC8F88E5-DEAC-4AA2-BE26-6B0F0112489C}.Ad-Hoc|ARM.ActiveCfg = Release|Any CPU
		{EC8F88E5-DEAC-4AA2-BE26-6B0F0112489C}.Ad-Hoc|ARM.Build.0 = Release|Any CPU
		{EC8F88E5-DEAC-4AA2-BE26-6B0F0112489C}.Ad-Hoc|ARM.Deploy.0 = Release|Any CPU
		{EC8F88E5-DEAC-4AA2-BE26-6B0F0112489C}.Ad-Hoc|iPhone.ActiveCfg = Release|Any CPU
		{EC8F88E5-DEAC-4AA2-BE26-6B0F0112489C}.Ad-Hoc|iPhone.Build.0 = Release|Any CPU
		{EC8F88E5-DEAC-4AA2-BE26-6B0F0112489C}.Ad-Hoc|iPhone.Deploy.0 = Release|Any CPU
		{EC8F88E5-DEAC-4AA2-BE26-6B0F0112489C}.Ad-Hoc|iPhoneSimulator.ActiveCfg = Release|Any CPU
		{EC8F88E5-DEAC-4AA2-BE26-6B0F0112489C}.Ad-Hoc|iPhoneSimulator.Build.0 = Release|Any CPU
		{EC8F88E5-DEAC-4AA2-BE26-6B0F0112489C}.Ad-Hoc|iPhoneSimulator.Deploy.0 = Release|Any CPU
		{EC8F88E5-DEAC-4AA2-BE26-6B0F0112489C}.Ad-Hoc|x64.ActiveCfg = Release|Any CPU
		{EC8F88E5-DEAC-4AA2-BE26-6B0F0112489C}.Ad-Hoc|x64.Build.0 = Release|Any CPU
		{EC8F88E5-DEAC-4AA2-BE26-6B0F0112489C}.Ad-Hoc|x64.Deploy.0 = Release|Any CPU
		{EC8F88E5-DEAC-4AA2-BE26-6B0F0112489C}.Ad-Hoc|x86.ActiveCfg = Release|Any CPU
		{EC8F88E5-DEAC-4AA2-BE26-6B0F0112489C}.Ad-Hoc|x86.Build.0 = Release|Any CPU
		{EC8F88E5-DEAC-4AA2-BE26-6B0F0112489C}.Ad-Hoc|x86.Deploy.0 = Release|Any CPU
		{EC8F88E5-DEAC-4AA2-BE26-6B0F0112489C}.AppStore|Any CPU.ActiveCfg = Release|Any CPU
		{EC8F88E5-DEAC-4AA2-BE26-6B0F0112489C}.AppStore|Any CPU.Build.0 = Release|Any CPU
		{EC8F88E5-DEAC-4AA2-BE26-6B0F0112489C}.AppStore|Any CPU.Deploy.0 = Release|Any CPU
		{EC8F88E5-DEAC-4AA2-BE26-6B0F0112489C}.AppStore|ARM.ActiveCfg = Release|Any CPU
		{EC8F88E5-DEAC-4AA2-BE26-6B0F0112489C}.AppStore|ARM.Build.0 = Release|Any CPU
		{EC8F88E5-DEAC-4AA2-BE26-6B0F0112489C}.AppStore|ARM.Deploy.0 = Release|Any CPU
		{EC8F88E5-DEAC-4AA2-BE26-6B0F0112489C}.AppStore|iPhone.ActiveCfg = Release|Any CPU
		{EC8F88E5-DEAC-4AA2-BE26-6B0F0112489C}.AppStore|iPhone.Build.0 = Release|Any CPU
		{EC8F88E5-DEAC-4AA2-BE26-6B0F0112489C}.AppStore|iPhone.Deploy.0 = Release|Any CPU
		{EC8F88E5-DEAC-4AA2-BE26-6B0F0112489C}.AppStore|iPhoneSimulator.ActiveCfg = Release|Any CPU
		{EC8F88E5-DEAC-4AA2-BE26-6B0F0112489C}.AppStore|iPhoneSimulator.Build.0 = Release|Any CPU
		{EC8F88E5-DEAC-4AA2-BE26-6B0F0112489C}.AppStore|iPhoneSimulator.Deploy.0 = Release|Any CPU
		{EC8F88E5-DEAC-4AA2-BE26-6B0F0112489C}.AppStore|x64.ActiveCfg = Release|Any CPU
		{EC8F88E5-DEAC-4AA2-BE26-6B0F0112489C}.AppStore|x64.Build.0 = Release|Any CPU
		{EC8F88E5-DEAC-4AA2-BE26-6B0F0112489C}.AppStore|x64.Deploy.0 = Release|Any CPU
		{EC8F88E5-DEAC-4AA2-BE26-6B0F0112489C}.AppStore|x86.ActiveCfg = Release|Any CPU
		{EC8F88E5-DEAC-4AA2-BE26-6B0F0112489C}.AppStore|x86.Build.0 = Release|Any CPU
		{EC8F88E5-DEAC-4AA2-BE26-6B0F0112489C}.AppStore|x86.Deploy.0 = Release|Any CPU
		{EC8F88E5-DEAC-4AA2-BE26-6B0F0112489C}.Debug|Any CPU.ActiveCfg = Debug|Any CPU
		{EC8F88E5-DEAC-4AA2-BE26-6B0F0112489C}.Debug|Any CPU.Build.0 = Debug|Any CPU
		{EC8F88E5-DEAC-4AA2-BE26-6B0F0112489C}.Debug|Any CPU.Deploy.0 = Debug|Any CPU
		{EC8F88E5-DEAC-4AA2-BE26-6B0F0112489C}.Debug|ARM.ActiveCfg = Debug|Any CPU
		{EC8F88E5-DEAC-4AA2-BE26-6B0F0112489C}.Debug|ARM.Build.0 = Debug|Any CPU
		{EC8F88E5-DEAC-4AA2-BE26-6B0F0112489C}.Debug|ARM.Deploy.0 = Debug|Any CPU
		{EC8F88E5-DEAC-4AA2-BE26-6B0F0112489C}.Debug|iPhone.ActiveCfg = Debug|Any CPU
		{EC8F88E5-DEAC-4AA2-BE26-6B0F0112489C}.Debug|iPhone.Build.0 = Debug|Any CPU
		{EC8F88E5-DEAC-4AA2-BE26-6B0F0112489C}.Debug|iPhone.Deploy.0 = Debug|Any CPU
		{EC8F88E5-DEAC-4AA2-BE26-6B0F0112489C}.Debug|iPhoneSimulator.ActiveCfg = Debug|Any CPU
		{EC8F88E5-DEAC-4AA2-BE26-6B0F0112489C}.Debug|iPhoneSimulator.Build.0 = Debug|Any CPU
		{EC8F88E5-DEAC-4AA2-BE26-6B0F0112489C}.Debug|iPhoneSimulator.Deploy.0 = Debug|Any CPU
		{EC8F88E5-DEAC-4AA2-BE26-6B0F0112489C}.Debug|x64.ActiveCfg = Debug|Any CPU
		{EC8F88E5-DEAC-4AA2-BE26-6B0F0112489C}.Debug|x64.Build.0 = Debug|Any CPU
		{EC8F88E5-DEAC-4AA2-BE26-6B0F0112489C}.Debug|x64.Deploy.0 = Debug|Any CPU
		{EC8F88E5-DEAC-4AA2-BE26-6B0F0112489C}.Debug|x86.ActiveCfg = Debug|Any CPU
		{EC8F88E5-DEAC-4AA2-BE26-6B0F0112489C}.Debug|x86.Build.0 = Debug|Any CPU
		{EC8F88E5-DEAC-4AA2-BE26-6B0F0112489C}.Debug|x86.Deploy.0 = Debug|Any CPU
		{EC8F88E5-DEAC-4AA2-BE26-6B0F0112489C}.Release|Any CPU.ActiveCfg = Release|Any CPU
		{EC8F88E5-DEAC-4AA2-BE26-6B0F0112489C}.Release|Any CPU.Build.0 = Release|Any CPU
		{EC8F88E5-DEAC-4AA2-BE26-6B0F0112489C}.Release|Any CPU.Deploy.0 = Release|Any CPU
		{EC8F88E5-DEAC-4AA2-BE26-6B0F0112489C}.Release|ARM.ActiveCfg = Release|Any CPU
		{EC8F88E5-DEAC-4AA2-BE26-6B0F0112489C}.Release|ARM.Build.0 = Release|Any CPU
		{EC8F88E5-DEAC-4AA2-BE26-6B0F0112489C}.Release|ARM.Deploy.0 = Release|Any CPU
		{EC8F88E5-DEAC-4AA2-BE26-6B0F0112489C}.Release|iPhone.ActiveCfg = Release|Any CPU
		{EC8F88E5-DEAC-4AA2-BE26-6B0F0112489C}.Release|iPhone.Build.0 = Release|Any CPU
		{EC8F88E5-DEAC-4AA2-BE26-6B0F0112489C}.Release|iPhone.Deploy.0 = Release|Any CPU
		{EC8F88E5-DEAC-4AA2-BE26-6B0F0112489C}.Release|iPhoneSimulator.ActiveCfg = Release|Any CPU
		{EC8F88E5-DEAC-4AA2-BE26-6B0F0112489C}.Release|iPhoneSimulator.Build.0 = Release|Any CPU
		{EC8F88E5-DEAC-4AA2-BE26-6B0F0112489C}.Release|iPhoneSimulator.Deploy.0 = Release|Any CPU
		{EC8F88E5-DEAC-4AA2-BE26-6B0F0112489C}.Release|x64.ActiveCfg = Release|Any CPU
		{EC8F88E5-DEAC-4AA2-BE26-6B0F0112489C}.Release|x64.Build.0 = Release|Any CPU
		{EC8F88E5-DEAC-4AA2-BE26-6B0F0112489C}.Release|x64.Deploy.0 = Release|Any CPU
		{EC8F88E5-DEAC-4AA2-BE26-6B0F0112489C}.Release|x86.ActiveCfg = Release|Any CPU
		{EC8F88E5-DEAC-4AA2-BE26-6B0F0112489C}.Release|x86.Build.0 = Release|Any CPU
		{EC8F88E5-DEAC-4AA2-BE26-6B0F0112489C}.Release|x86.Deploy.0 = Release|Any CPU
		{4C7F459E-91A8-4AFA-8AC1-A7A878761B9F}.Ad-Hoc|Any CPU.ActiveCfg = Release|Any CPU
		{4C7F459E-91A8-4AFA-8AC1-A7A878761B9F}.Ad-Hoc|Any CPU.Build.0 = Release|Any CPU
		{4C7F459E-91A8-4AFA-8AC1-A7A878761B9F}.Ad-Hoc|ARM.ActiveCfg = Release|Any CPU
		{4C7F459E-91A8-4AFA-8AC1-A7A878761B9F}.Ad-Hoc|ARM.Build.0 = Release|Any CPU
		{4C7F459E-91A8-4AFA-8AC1-A7A878761B9F}.Ad-Hoc|iPhone.ActiveCfg = Release|Any CPU
		{4C7F459E-91A8-4AFA-8AC1-A7A878761B9F}.Ad-Hoc|iPhone.Build.0 = Release|Any CPU
		{4C7F459E-91A8-4AFA-8AC1-A7A878761B9F}.Ad-Hoc|iPhoneSimulator.ActiveCfg = Release|Any CPU
		{4C7F459E-91A8-4AFA-8AC1-A7A878761B9F}.Ad-Hoc|iPhoneSimulator.Build.0 = Release|Any CPU
		{4C7F459E-91A8-4AFA-8AC1-A7A878761B9F}.Ad-Hoc|x64.ActiveCfg = Release|Any CPU
		{4C7F459E-91A8-4AFA-8AC1-A7A878761B9F}.Ad-Hoc|x64.Build.0 = Release|Any CPU
		{4C7F459E-91A8-4AFA-8AC1-A7A878761B9F}.Ad-Hoc|x86.ActiveCfg = Release|Any CPU
		{4C7F459E-91A8-4AFA-8AC1-A7A878761B9F}.Ad-Hoc|x86.Build.0 = Release|Any CPU
		{4C7F459E-91A8-4AFA-8AC1-A7A878761B9F}.AppStore|Any CPU.ActiveCfg = Release|Any CPU
		{4C7F459E-91A8-4AFA-8AC1-A7A878761B9F}.AppStore|Any CPU.Build.0 = Release|Any CPU
		{4C7F459E-91A8-4AFA-8AC1-A7A878761B9F}.AppStore|ARM.ActiveCfg = Release|Any CPU
		{4C7F459E-91A8-4AFA-8AC1-A7A878761B9F}.AppStore|ARM.Build.0 = Release|Any CPU
		{4C7F459E-91A8-4AFA-8AC1-A7A878761B9F}.AppStore|iPhone.ActiveCfg = Release|Any CPU
		{4C7F459E-91A8-4AFA-8AC1-A7A878761B9F}.AppStore|iPhone.Build.0 = Release|Any CPU
		{4C7F459E-91A8-4AFA-8AC1-A7A878761B9F}.AppStore|iPhoneSimulator.ActiveCfg = Release|Any CPU
		{4C7F459E-91A8-4AFA-8AC1-A7A878761B9F}.AppStore|iPhoneSimulator.Build.0 = Release|Any CPU
		{4C7F459E-91A8-4AFA-8AC1-A7A878761B9F}.AppStore|x64.ActiveCfg = Release|Any CPU
		{4C7F459E-91A8-4AFA-8AC1-A7A878761B9F}.AppStore|x64.Build.0 = Release|Any CPU
		{4C7F459E-91A8-4AFA-8AC1-A7A878761B9F}.AppStore|x86.ActiveCfg = Release|Any CPU
		{4C7F459E-91A8-4AFA-8AC1-A7A878761B9F}.AppStore|x86.Build.0 = Release|Any CPU
		{4C7F459E-91A8-4AFA-8AC1-A7A878761B9F}.Debug|Any CPU.ActiveCfg = Debug|Any CPU
		{4C7F459E-91A8-4AFA-8AC1-A7A878761B9F}.Debug|Any CPU.Build.0 = Debug|Any CPU
		{4C7F459E-91A8-4AFA-8AC1-A7A878761B9F}.Debug|ARM.ActiveCfg = Debug|Any CPU
		{4C7F459E-91A8-4AFA-8AC1-A7A878761B9F}.Debug|ARM.Build.0 = Debug|Any CPU
		{4C7F459E-91A8-4AFA-8AC1-A7A878761B9F}.Debug|iPhone.ActiveCfg = Debug|Any CPU
		{4C7F459E-91A8-4AFA-8AC1-A7A878761B9F}.Debug|iPhone.Build.0 = Debug|Any CPU
		{4C7F459E-91A8-4AFA-8AC1-A7A878761B9F}.Debug|iPhoneSimulator.ActiveCfg = Debug|Any CPU
		{4C7F459E-91A8-4AFA-8AC1-A7A878761B9F}.Debug|iPhoneSimulator.Build.0 = Debug|Any CPU
		{4C7F459E-91A8-4AFA-8AC1-A7A878761B9F}.Debug|x64.ActiveCfg = Debug|Any CPU
		{4C7F459E-91A8-4AFA-8AC1-A7A878761B9F}.Debug|x64.Build.0 = Debug|Any CPU
		{4C7F459E-91A8-4AFA-8AC1-A7A878761B9F}.Debug|x86.ActiveCfg = Debug|Any CPU
		{4C7F459E-91A8-4AFA-8AC1-A7A878761B9F}.Debug|x86.Build.0 = Debug|Any CPU
		{4C7F459E-91A8-4AFA-8AC1-A7A878761B9F}.Release|Any CPU.ActiveCfg = Release|Any CPU
		{4C7F459E-91A8-4AFA-8AC1-A7A878761B9F}.Release|Any CPU.Build.0 = Release|Any CPU
		{4C7F459E-91A8-4AFA-8AC1-A7A878761B9F}.Release|ARM.ActiveCfg = Release|Any CPU
		{4C7F459E-91A8-4AFA-8AC1-A7A878761B9F}.Release|ARM.Build.0 = Release|Any CPU
		{4C7F459E-91A8-4AFA-8AC1-A7A878761B9F}.Release|iPhone.ActiveCfg = Release|Any CPU
		{4C7F459E-91A8-4AFA-8AC1-A7A878761B9F}.Release|iPhone.Build.0 = Release|Any CPU
		{4C7F459E-91A8-4AFA-8AC1-A7A878761B9F}.Release|iPhoneSimulator.ActiveCfg = Release|Any CPU
		{4C7F459E-91A8-4AFA-8AC1-A7A878761B9F}.Release|iPhoneSimulator.Build.0 = Release|Any CPU
		{4C7F459E-91A8-4AFA-8AC1-A7A878761B9F}.Release|x64.ActiveCfg = Release|Any CPU
		{4C7F459E-91A8-4AFA-8AC1-A7A878761B9F}.Release|x64.Build.0 = Release|Any CPU
		{4C7F459E-91A8-4AFA-8AC1-A7A878761B9F}.Release|x86.ActiveCfg = Release|Any CPU
		{4C7F459E-91A8-4AFA-8AC1-A7A878761B9F}.Release|x86.Build.0 = Release|Any CPU
		{02D75FDB-E377-40D4-AC9B-FD517785DC4A}.Ad-Hoc|Any CPU.ActiveCfg = Release|x86
		{02D75FDB-E377-40D4-AC9B-FD517785DC4A}.Ad-Hoc|Any CPU.Build.0 = Release|x86
		{02D75FDB-E377-40D4-AC9B-FD517785DC4A}.Ad-Hoc|Any CPU.Deploy.0 = Release|x86
		{02D75FDB-E377-40D4-AC9B-FD517785DC4A}.Ad-Hoc|ARM.ActiveCfg = Release|ARM
		{02D75FDB-E377-40D4-AC9B-FD517785DC4A}.Ad-Hoc|ARM.Build.0 = Release|ARM
		{02D75FDB-E377-40D4-AC9B-FD517785DC4A}.Ad-Hoc|ARM.Deploy.0 = Release|ARM
		{02D75FDB-E377-40D4-AC9B-FD517785DC4A}.Ad-Hoc|iPhone.ActiveCfg = Release|x86
		{02D75FDB-E377-40D4-AC9B-FD517785DC4A}.Ad-Hoc|iPhone.Build.0 = Release|x86
		{02D75FDB-E377-40D4-AC9B-FD517785DC4A}.Ad-Hoc|iPhone.Deploy.0 = Release|x86
		{02D75FDB-E377-40D4-AC9B-FD517785DC4A}.Ad-Hoc|iPhoneSimulator.ActiveCfg = Release|x86
		{02D75FDB-E377-40D4-AC9B-FD517785DC4A}.Ad-Hoc|iPhoneSimulator.Build.0 = Release|x86
		{02D75FDB-E377-40D4-AC9B-FD517785DC4A}.Ad-Hoc|iPhoneSimulator.Deploy.0 = Release|x86
		{02D75FDB-E377-40D4-AC9B-FD517785DC4A}.Ad-Hoc|x64.ActiveCfg = Release|x64
		{02D75FDB-E377-40D4-AC9B-FD517785DC4A}.Ad-Hoc|x64.Build.0 = Release|x64
		{02D75FDB-E377-40D4-AC9B-FD517785DC4A}.Ad-Hoc|x64.Deploy.0 = Release|x64
		{02D75FDB-E377-40D4-AC9B-FD517785DC4A}.Ad-Hoc|x86.ActiveCfg = Release|x86
		{02D75FDB-E377-40D4-AC9B-FD517785DC4A}.Ad-Hoc|x86.Build.0 = Release|x86
		{02D75FDB-E377-40D4-AC9B-FD517785DC4A}.Ad-Hoc|x86.Deploy.0 = Release|x86
		{02D75FDB-E377-40D4-AC9B-FD517785DC4A}.AppStore|Any CPU.ActiveCfg = Release|x86
		{02D75FDB-E377-40D4-AC9B-FD517785DC4A}.AppStore|Any CPU.Build.0 = Release|x86
		{02D75FDB-E377-40D4-AC9B-FD517785DC4A}.AppStore|Any CPU.Deploy.0 = Release|x86
		{02D75FDB-E377-40D4-AC9B-FD517785DC4A}.AppStore|ARM.ActiveCfg = Release|ARM
		{02D75FDB-E377-40D4-AC9B-FD517785DC4A}.AppStore|ARM.Build.0 = Release|ARM
		{02D75FDB-E377-40D4-AC9B-FD517785DC4A}.AppStore|ARM.Deploy.0 = Release|ARM
		{02D75FDB-E377-40D4-AC9B-FD517785DC4A}.AppStore|iPhone.ActiveCfg = Release|x86
		{02D75FDB-E377-40D4-AC9B-FD517785DC4A}.AppStore|iPhone.Build.0 = Release|x86
		{02D75FDB-E377-40D4-AC9B-FD517785DC4A}.AppStore|iPhone.Deploy.0 = Release|x86
		{02D75FDB-E377-40D4-AC9B-FD517785DC4A}.AppStore|iPhoneSimulator.ActiveCfg = Release|x86
		{02D75FDB-E377-40D4-AC9B-FD517785DC4A}.AppStore|iPhoneSimulator.Build.0 = Release|x86
		{02D75FDB-E377-40D4-AC9B-FD517785DC4A}.AppStore|iPhoneSimulator.Deploy.0 = Release|x86
		{02D75FDB-E377-40D4-AC9B-FD517785DC4A}.AppStore|x64.ActiveCfg = Release|x64
		{02D75FDB-E377-40D4-AC9B-FD517785DC4A}.AppStore|x64.Build.0 = Release|x64
		{02D75FDB-E377-40D4-AC9B-FD517785DC4A}.AppStore|x64.Deploy.0 = Release|x64
		{02D75FDB-E377-40D4-AC9B-FD517785DC4A}.AppStore|x86.ActiveCfg = Release|x86
		{02D75FDB-E377-40D4-AC9B-FD517785DC4A}.AppStore|x86.Build.0 = Release|x86
		{02D75FDB-E377-40D4-AC9B-FD517785DC4A}.AppStore|x86.Deploy.0 = Release|x86
		{02D75FDB-E377-40D4-AC9B-FD517785DC4A}.Debug|Any CPU.ActiveCfg = Debug|x86
		{02D75FDB-E377-40D4-AC9B-FD517785DC4A}.Debug|ARM.ActiveCfg = Debug|ARM
		{02D75FDB-E377-40D4-AC9B-FD517785DC4A}.Debug|ARM.Build.0 = Debug|ARM
		{02D75FDB-E377-40D4-AC9B-FD517785DC4A}.Debug|ARM.Deploy.0 = Debug|ARM
		{02D75FDB-E377-40D4-AC9B-FD517785DC4A}.Debug|iPhone.ActiveCfg = Debug|x86
		{02D75FDB-E377-40D4-AC9B-FD517785DC4A}.Debug|iPhoneSimulator.ActiveCfg = Debug|x86
		{02D75FDB-E377-40D4-AC9B-FD517785DC4A}.Debug|x64.ActiveCfg = Debug|x64
		{02D75FDB-E377-40D4-AC9B-FD517785DC4A}.Debug|x64.Build.0 = Debug|x64
		{02D75FDB-E377-40D4-AC9B-FD517785DC4A}.Debug|x64.Deploy.0 = Debug|x64
		{02D75FDB-E377-40D4-AC9B-FD517785DC4A}.Debug|x86.ActiveCfg = Debug|x86
		{02D75FDB-E377-40D4-AC9B-FD517785DC4A}.Debug|x86.Build.0 = Debug|x86
		{02D75FDB-E377-40D4-AC9B-FD517785DC4A}.Debug|x86.Deploy.0 = Debug|x86
		{02D75FDB-E377-40D4-AC9B-FD517785DC4A}.Release|Any CPU.ActiveCfg = Release|x86
		{02D75FDB-E377-40D4-AC9B-FD517785DC4A}.Release|ARM.ActiveCfg = Release|ARM
		{02D75FDB-E377-40D4-AC9B-FD517785DC4A}.Release|ARM.Build.0 = Release|ARM
		{02D75FDB-E377-40D4-AC9B-FD517785DC4A}.Release|ARM.Deploy.0 = Release|ARM
		{02D75FDB-E377-40D4-AC9B-FD517785DC4A}.Release|iPhone.ActiveCfg = Release|x86
		{02D75FDB-E377-40D4-AC9B-FD517785DC4A}.Release|iPhoneSimulator.ActiveCfg = Release|x86
		{02D75FDB-E377-40D4-AC9B-FD517785DC4A}.Release|x64.ActiveCfg = Release|x64
		{02D75FDB-E377-40D4-AC9B-FD517785DC4A}.Release|x64.Build.0 = Release|x64
		{02D75FDB-E377-40D4-AC9B-FD517785DC4A}.Release|x64.Deploy.0 = Release|x64
		{02D75FDB-E377-40D4-AC9B-FD517785DC4A}.Release|x86.ActiveCfg = Release|x86
		{02D75FDB-E377-40D4-AC9B-FD517785DC4A}.Release|x86.Build.0 = Release|x86
		{02D75FDB-E377-40D4-AC9B-FD517785DC4A}.Release|x86.Deploy.0 = Release|x86
		{CF8D819B-A2EB-4FAD-BF4A-6149D384D080}.Ad-Hoc|Any CPU.ActiveCfg = Ad-Hoc|iPhoneSimulator
		{CF8D819B-A2EB-4FAD-BF4A-6149D384D080}.Ad-Hoc|ARM.ActiveCfg = Ad-Hoc|iPhone
		{CF8D819B-A2EB-4FAD-BF4A-6149D384D080}.Ad-Hoc|iPhone.ActiveCfg = Ad-Hoc|iPhone
		{CF8D819B-A2EB-4FAD-BF4A-6149D384D080}.Ad-Hoc|iPhone.Build.0 = Ad-Hoc|iPhone
		{CF8D819B-A2EB-4FAD-BF4A-6149D384D080}.Ad-Hoc|iPhoneSimulator.ActiveCfg = Ad-Hoc|iPhoneSimulator
		{CF8D819B-A2EB-4FAD-BF4A-6149D384D080}.Ad-Hoc|iPhoneSimulator.Build.0 = Ad-Hoc|iPhoneSimulator
		{CF8D819B-A2EB-4FAD-BF4A-6149D384D080}.Ad-Hoc|x64.ActiveCfg = Ad-Hoc|iPhone
		{CF8D819B-A2EB-4FAD-BF4A-6149D384D080}.Ad-Hoc|x86.ActiveCfg = Ad-Hoc|iPhone
		{CF8D819B-A2EB-4FAD-BF4A-6149D384D080}.AppStore|Any CPU.ActiveCfg = AppStore|iPhoneSimulator
		{CF8D819B-A2EB-4FAD-BF4A-6149D384D080}.AppStore|ARM.ActiveCfg = AppStore|iPhone
		{CF8D819B-A2EB-4FAD-BF4A-6149D384D080}.AppStore|iPhone.ActiveCfg = AppStore|iPhone
		{CF8D819B-A2EB-4FAD-BF4A-6149D384D080}.AppStore|iPhone.Build.0 = AppStore|iPhone
		{CF8D819B-A2EB-4FAD-BF4A-6149D384D080}.AppStore|iPhoneSimulator.ActiveCfg = AppStore|iPhoneSimulator
		{CF8D819B-A2EB-4FAD-BF4A-6149D384D080}.AppStore|iPhoneSimulator.Build.0 = AppStore|iPhoneSimulator
		{CF8D819B-A2EB-4FAD-BF4A-6149D384D080}.AppStore|x64.ActiveCfg = AppStore|iPhone
		{CF8D819B-A2EB-4FAD-BF4A-6149D384D080}.AppStore|x86.ActiveCfg = AppStore|iPhone
		{CF8D819B-A2EB-4FAD-BF4A-6149D384D080}.Debug|Any CPU.ActiveCfg = Debug|iPhoneSimulator
		{CF8D819B-A2EB-4FAD-BF4A-6149D384D080}.Debug|ARM.ActiveCfg = Debug|iPhone
		{CF8D819B-A2EB-4FAD-BF4A-6149D384D080}.Debug|iPhone.ActiveCfg = Debug|iPhone
		{CF8D819B-A2EB-4FAD-BF4A-6149D384D080}.Debug|iPhone.Build.0 = Debug|iPhone
		{CF8D819B-A2EB-4FAD-BF4A-6149D384D080}.Debug|iPhoneSimulator.ActiveCfg = Debug|iPhoneSimulator
		{CF8D819B-A2EB-4FAD-BF4A-6149D384D080}.Debug|iPhoneSimulator.Build.0 = Debug|iPhoneSimulator
		{CF8D819B-A2EB-4FAD-BF4A-6149D384D080}.Debug|x64.ActiveCfg = Debug|iPhone
		{CF8D819B-A2EB-4FAD-BF4A-6149D384D080}.Debug|x86.ActiveCfg = Debug|iPhone
		{CF8D819B-A2EB-4FAD-BF4A-6149D384D080}.Release|Any CPU.ActiveCfg = Release|iPhoneSimulator
		{CF8D819B-A2EB-4FAD-BF4A-6149D384D080}.Release|ARM.ActiveCfg = Release|iPhone
		{CF8D819B-A2EB-4FAD-BF4A-6149D384D080}.Release|iPhone.ActiveCfg = Release|iPhone
		{CF8D819B-A2EB-4FAD-BF4A-6149D384D080}.Release|iPhone.Build.0 = Release|iPhone
		{CF8D819B-A2EB-4FAD-BF4A-6149D384D080}.Release|iPhoneSimulator.ActiveCfg = Release|iPhoneSimulator
		{CF8D819B-A2EB-4FAD-BF4A-6149D384D080}.Release|iPhoneSimulator.Build.0 = Release|iPhoneSimulator
		{CF8D819B-A2EB-4FAD-BF4A-6149D384D080}.Release|x64.ActiveCfg = Release|iPhone
		{CF8D819B-A2EB-4FAD-BF4A-6149D384D080}.Release|x86.ActiveCfg = Release|iPhone
	EndGlobalSection
	GlobalSection(SolutionProperties) = preSolution
		HideSolutionNode = FALSE
	EndGlobalSection
	GlobalSection(ExtensibilityGlobals) = postSolution
		SolutionGuid = {0C943B56-6305-4FF1-9E98-CF9F805D703A}
	EndGlobalSection
EndGlobal
